
Microsoft Visual Studio Solution File, Format Version 12.00
# Visual Studio Version 17
VisualStudioVersion = 17.9.34622.214
MinimumVisualStudioVersion = 10.0.40219.1
Project("{FAE04EC0-301F-11D3-BF4B-00C04F79EFBC}") = "Combinatorial-Calculator", "Combinatorial-Calculator\Combinatorial-Calculator.csproj", "{FBFFE818-D6F4-48D1-97D1-3ABE80636AF6}"
EndProject
Global
	GlobalSection(SolutionConfigurationPlatforms) = preSolution
		Debug|Any CPU = Debug|Any CPU
		Release|Any CPU = Release|Any CPU
	EndGlobalSection
	GlobalSection(ProjectConfigurationPlatforms) = postSolution
		{FBFFE818-D6F4-48D1-97D1-3ABE80636AF6}.Debug|Any CPU.ActiveCfg = Debug|Any CPU
		{FBFFE818-D6F4-48D1-97D1-3ABE80636AF6}.Debug|Any CPU.Build.0 = Debug|Any CPU
		{FBFFE818-D6F4-48D1-97D1-3ABE80636AF6}.Release|Any CPU.ActiveCfg = Release|Any CPU
		{FBFFE818-D6F4-48D1-97D1-3ABE80636AF6}.Release|Any CPU.Build.0 = Release|Any CPU
	EndGlobalSection
	GlobalSection(SolutionProperties) = preSolution
		HideSolutionNode = FALSE
	EndGlobalSection
	GlobalSection(ExtensibilityGlobals) = postSolution
		SolutionGuid = {E0EA066A-F2F2-47DE-A18E-0F8D3DEB525D}
	EndGlobalSection
EndGlobal
