
Microsoft Visual Studio Solution File, Format Version 12.00
# Visual Studio Version 17
VisualStudioVersion = 17.9.34622.214
MinimumVisualStudioVersion = 10.0.40219.1
Project("{FAE04EC0-301F-11D3-BF4B-00C04F79EFBC}") = "e-School-Register", "e-School-Register.csproj", "{F3B5C696-BDFD-48B5-B78A-0FEFDCBA1D7A}"
EndProject
Global
	GlobalSection(SolutionConfigurationPlatforms) = preSolution
		Debug|Any CPU = Debug|Any CPU
		Release|Any CPU = Release|Any CPU
	EndGlobalSection
	GlobalSection(ProjectConfigurationPlatforms) = postSolution
		{F3B5C696-BDFD-48B5-B78A-0FEFDCBA1D7A}.Debug|Any CPU.ActiveCfg = Debug|Any CPU
		{F3B5C696-BDFD-48B5-B78A-0FEFDCBA1D7A}.Debug|Any CPU.Build.0 = Debug|Any CPU
		{F3B5C696-BDFD-48B5-B78A-0FEFDCBA1D7A}.Release|Any CPU.ActiveCfg = Release|Any CPU
		{F3B5C696-BDFD-48B5-B78A-0FEFDCBA1D7A}.Release|Any CPU.Build.0 = Release|Any CPU
	EndGlobalSection
	GlobalSection(SolutionProperties) = preSolution
		HideSolutionNode = FALSE
	EndGlobalSection
	GlobalSection(ExtensibilityGlobals) = postSolution
		SolutionGuid = {696303EC-7020-40AA-A193-B56790A9674B}
	EndGlobalSection
EndGlobal
