
Microsoft Visual Studio Solution File, Format Version 12.00
# Visual Studio Version 17
VisualStudioVersion = 17.9.34622.214
MinimumVisualStudioVersion = 10.0.40219.1
Project("{FAE04EC0-301F-11D3-BF4B-00C04F79EFBC}") = "e-School-Register-2", "e-School-Register-2.csproj", "{E2151685-DFCE-4125-8219-3FB4CA7B2FCE}"
EndProject
Global
	GlobalSection(SolutionConfigurationPlatforms) = preSolution
		Debug|Any CPU = Debug|Any CPU
		Release|Any CPU = Release|Any CPU
	EndGlobalSection
	GlobalSection(ProjectConfigurationPlatforms) = postSolution
		{E2151685-DFCE-4125-8219-3FB4CA7B2FCE}.Debug|Any CPU.ActiveCfg = Debug|Any CPU
		{E2151685-DFCE-4125-8219-3FB4CA7B2FCE}.Debug|Any CPU.Build.0 = Debug|Any CPU
		{E2151685-DFCE-4125-8219-3FB4CA7B2FCE}.Release|Any CPU.ActiveCfg = Release|Any CPU
		{E2151685-DFCE-4125-8219-3FB4CA7B2FCE}.Release|Any CPU.Build.0 = Release|Any CPU
	EndGlobalSection
	GlobalSection(SolutionProperties) = preSolution
		HideSolutionNode = FALSE
	EndGlobalSection
	GlobalSection(ExtensibilityGlobals) = postSolution
		SolutionGuid = {91AA923F-0C78-4510-9572-303A2EB0D808}
	EndGlobalSection
EndGlobal
