
Microsoft Visual Studio Solution File, Format Version 12.00
# Visual Studio Version 16
VisualStudioVersion = 16.0.33529.622
MinimumVisualStudioVersion = 10.0.40219.1
Project("{FAE04EC0-301F-11D3-BF4B-00C04F79EFBC}") = "ConditionalStatementsLab", "ConditionalStatementsLab.csproj", "{EA9CB5F0-573B-4BAF-BF01-A3441B2776ED}"
EndProject
Global
	GlobalSection(SolutionConfigurationPlatforms) = preSolution
		Debug|Any CPU = Debug|Any CPU
		Release|Any CPU = Release|Any CPU
	EndGlobalSection
	GlobalSection(ProjectConfigurationPlatforms) = postSolution
		{EA9CB5F0-573B-4BAF-BF01-A3441B2776ED}.Debug|Any CPU.ActiveCfg = Debug|Any CPU
		{EA9CB5F0-573B-4BAF-BF01-A3441B2776ED}.Debug|Any CPU.Build.0 = Debug|Any CPU
		{EA9CB5F0-573B-4BAF-BF01-A3441B2776ED}.Release|Any CPU.ActiveCfg = Release|Any CPU
		{EA9CB5F0-573B-4BAF-BF01-A3441B2776ED}.Release|Any CPU.Build.0 = Release|Any CPU
	EndGlobalSection
	GlobalSection(SolutionProperties) = preSolution
		HideSolutionNode = FALSE
	EndGlobalSection
	GlobalSection(ExtensibilityGlobals) = postSolution
		SolutionGuid = {D846A753-F4BF-460B-A764-9ED5DAFB7856}
	EndGlobalSection
EndGlobal
