
Microsoft Visual Studio Solution File, Format Version 12.00
# Visual Studio Version 17
VisualStudioVersion = 17.14.36623.8 d17.14
MinimumVisualStudioVersion = 10.0.40219.1
Project("{FAE04EC0-301F-11D3-BF4B-00C04F79EFBC}") = "SchoolCourses", "SchoolCourses.csproj", "{900CEA17-316E-22A9-22A7-FDE9A90874CC}"
EndProject
Project("{FAE04EC0-301F-11D3-BF4B-00C04F79EFBC}") = "SchoolCourses.Tests", "..\SchoolCourses.Tests\SchoolCourses.Tests.csproj", "{B808EF5D-3035-0F9B-0460-C0ABB273AD70}"
EndProject
Global
	GlobalSection(SolutionConfigurationPlatforms) = preSolution
		Debug|Any CPU = Debug|Any CPU
		Release|Any CPU = Release|Any CPU
	EndGlobalSection
	GlobalSection(ProjectConfigurationPlatforms) = postSolution
		{900CEA17-316E-22A9-22A7-FDE9A90874CC}.Debug|Any CPU.ActiveCfg = Debug|Any CPU
		{900CEA17-316E-22A9-22A7-FDE9A90874CC}.Debug|Any CPU.Build.0 = Debug|Any CPU
		{900CEA17-316E-22A9-22A7-FDE9A90874CC}.Release|Any CPU.ActiveCfg = Release|Any CPU
		{900CEA17-316E-22A9-22A7-FDE9A90874CC}.Release|Any CPU.Build.0 = Release|Any CPU
		{B808EF5D-3035-0F9B-0460-C0ABB273AD70}.Debug|Any CPU.ActiveCfg = Debug|Any CPU
		{B808EF5D-3035-0F9B-0460-C0ABB273AD70}.Debug|Any CPU.Build.0 = Debug|Any CPU
		{B808EF5D-3035-0F9B-0460-C0ABB273AD70}.Release|Any CPU.ActiveCfg = Release|Any CPU
		{B808EF5D-3035-0F9B-0460-C0ABB273AD70}.Release|Any CPU.Build.0 = Release|Any CPU
	EndGlobalSection
	GlobalSection(SolutionProperties) = preSolution
		HideSolutionNode = FALSE
	EndGlobalSection
	GlobalSection(ExtensibilityGlobals) = postSolution
		SolutionGuid = {2052DDCF-3BCA-4C7F-B203-565DF7094942}
	EndGlobalSection
EndGlobal
