
Microsoft Visual Studio Solution File, Format Version 12.00
# Visual Studio Version 17
VisualStudioVersion = 17.8.34330.188
MinimumVisualStudioVersion = 10.0.40219.1
Project("{FAE04EC0-301F-11D3-BF4B-00C04F79EFBC}") = "05.EmployeeManager", "05.EmployeeManager.csproj", "{FDABBB9B-A0E4-47DE-A129-9707560A8A99}"
EndProject
Project("{FAE04EC0-301F-11D3-BF4B-00C04F79EFBC}") = "MenuExample", "..\MenuExample\MenuExample.csproj", "{4C61FE69-4EF4-42BB-B2D3-45BAA6154DE6}"
EndProject
Global
	GlobalSection(SolutionConfigurationPlatforms) = preSolution
		Debug|Any CPU = Debug|Any CPU
		Release|Any CPU = Release|Any CPU
	EndGlobalSection
	GlobalSection(ProjectConfigurationPlatforms) = postSolution
		{FDABBB9B-A0E4-47DE-A129-9707560A8A99}.Debug|Any CPU.ActiveCfg = Debug|Any CPU
		{FDABBB9B-A0E4-47DE-A129-9707560A8A99}.Debug|Any CPU.Build.0 = Debug|Any CPU
		{FDABBB9B-A0E4-47DE-A129-9707560A8A99}.Release|Any CPU.ActiveCfg = Release|Any CPU
		{FDABBB9B-A0E4-47DE-A129-9707560A8A99}.Release|Any CPU.Build.0 = Release|Any CPU
		{4C61FE69-4EF4-42BB-B2D3-45BAA6154DE6}.Debug|Any CPU.ActiveCfg = Debug|Any CPU
		{4C61FE69-4EF4-42BB-B2D3-45BAA6154DE6}.Debug|Any CPU.Build.0 = Debug|Any CPU
		{4C61FE69-4EF4-42BB-B2D3-45BAA6154DE6}.Release|Any CPU.ActiveCfg = Release|Any CPU
		{4C61FE69-4EF4-42BB-B2D3-45BAA6154DE6}.Release|Any CPU.Build.0 = Release|Any CPU
	EndGlobalSection
	GlobalSection(SolutionProperties) = preSolution
		HideSolutionNode = FALSE
	EndGlobalSection
	GlobalSection(ExtensibilityGlobals) = postSolution
		SolutionGuid = {78A0F8C3-7669-4196-BAB4-C8419C4E6E25}
	EndGlobalSection
EndGlobal
