
Microsoft Visual Studio Solution File, Format Version 12.00
# Visual Studio Version 17
VisualStudioVersion = 17.8.34309.116
MinimumVisualStudioVersion = 10.0.40219.1
Project("{FAE04EC0-301F-11D3-BF4B-00C04F79EFBC}") = "ShoppingListApp", "ShoppingListApp\ShoppingListApp.csproj", "{03E74766-0658-4C56-ABC9-7B8FFCC5F9E5}"
EndProject
Global
	GlobalSection(SolutionConfigurationPlatforms) = preSolution
		Debug|Any CPU = Debug|Any CPU
		Release|Any CPU = Release|Any CPU
	EndGlobalSection
	GlobalSection(ProjectConfigurationPlatforms) = postSolution
		{03E74766-0658-4C56-ABC9-7B8FFCC5F9E5}.Debug|Any CPU.ActiveCfg = Debug|Any CPU
		{03E74766-0658-4C56-ABC9-7B8FFCC5F9E5}.Debug|Any CPU.Build.0 = Debug|Any CPU
		{03E74766-0658-4C56-ABC9-7B8FFCC5F9E5}.Release|Any CPU.ActiveCfg = Release|Any CPU
		{03E74766-0658-4C56-ABC9-7B8FFCC5F9E5}.Release|Any CPU.Build.0 = Release|Any CPU
	EndGlobalSection
	GlobalSection(SolutionProperties) = preSolution
		HideSolutionNode = FALSE
	EndGlobalSection
	GlobalSection(ExtensibilityGlobals) = postSolution
		SolutionGuid = {49A63854-C584-4B9B-A40B-ED4DEC061CEC}
	EndGlobalSection
EndGlobal
